// !$*UTF8*$!
{
	archiveVersion = 1;
	classes = {
	};
	objectVersion = 46;
	objects = {

/* Begin PBXBuildFile section */
		6A9373E01F312E5D00EF3446 /* main.m in Sources */ = {isa = PBXBuildFile; fileRef = 6A9373DF1F312E5D00EF3446 /* main.m */; };
		6A9373E31F312E5D00EF3446 /* AppDelegate.m in Sources */ = {isa = PBXBuildFile; fileRef = 6A9373E21F312E5D00EF3446 /* AppDelegate.m */; };
		6A9373E61F312E5D00EF3446 /* ViewController.m in Sources */ = {isa = PBXBuildFile; fileRef = 6A9373E51F312E5D00EF3446 /* ViewController.m */; };
		6A9373E91F312E5D00EF3446 /* Main.storyboard in Resources */ = {isa = PBXBuildFile; fileRef = 6A9373E71F312E5D00EF3446 /* Main.storyboard */; };
		6A9373EB1F312E5D00EF3446 /* Assets.xcassets in Resources */ = {isa = PBXBuildFile; fileRef = 6A9373EA1F312E5D00EF3446 /* Assets.xcassets */; };
		6A9373EE1F312E5D00EF3446 /* LaunchScreen.storyboard in Resources */ = {isa = PBXBuildFile; fileRef = 6A9373EC1F312E5D00EF3446 /* LaunchScreen.storyboard */; };
/* End PBXBuildFile section */

/* Begin PBXFileReference section */
		6A9373DB1F312E5D00EF3446 /* Autolayout-Storyboard.app */ = {isa = PBXFileReference; explicitFileType = wrapper.application; includeInIndex = 0; path = "Autolayout-Storyboard.app"; sourceTree = BUILT_PRODUCTS_DIR; };
		6A9373DF1F312E5D00EF3446 /* main.m */ = {isa = PBXFileReference; lastKnownFileType = sourcecode.c.objc; path = main.m; sourceTree = "<group>"; };
		6A9373E11F312E5D00EF3446 /* AppDelegate.h */ = {isa = PBXFileReference; lastKnownFileType = sourcecode.c.h; path = AppDelegate.h; sourceTree = "<group>"; };
		6A9373E21F312E5D00EF3446 /* AppDelegate.m */ = {isa = PBXFileReference; lastKnownFileType = sourcecode.c.objc; path = AppDelegate.m; sourceTree = "<group>"; };
		6A9373E41F312E5D00EF3446 /* ViewController.h */ = {isa = PBXFileReference; lastKnownFileType = sourcecode.c.h; path = ViewController.h; sourceTree = "<group>"; };
		6A9373E51F312E5D00EF3446 /* ViewController.m */ = {isa = PBXFileReference; lastKnownFileType = sourcecode.c.objc; path = ViewController.m; sourceTree = "<group>"; };
		6A9373E81F312E5D00EF3446 /* Base */ = {isa = PBXFileReference; lastKnownFileType = file.storyboard; name = Base; path = Base.lproj/Main.storyboard; sourceTree = "<group>"; };
		6A9373EA1F312E5D00EF3446 /* Assets.xcassets */ = {isa = PBXFileReference; lastKnownFileType = folder.assetcatalog; path = Assets.xcassets; sourceTree = "<group>"; };
		6A9373ED1F312E5D00EF3446 /* Base */ = {isa = PBXFileReference; lastKnownFileType = file.storyboard; name = Base; path = Base.lproj/LaunchScreen.storyboard; sourceTree = "<group>"; };
		6A9373EF1F312E5D00EF3446 /* Info.plist */ = {isa = PBXFileReference; lastKnownFileType = text.plist.xml; path = Info.plist; sourceTree = "<group>"; };
/* End PBXFileReference section */

/* Begin PBXFrameworksBuildPhase section */
		6A9373D81F312E5D00EF3446 /* Frameworks */ = {
			isa = PBXFrameworksBuildPhase;
			buildActionMask = 2147483647;
			files = (
			);
			runOnlyForDeploymentPostprocessing = 0;
		};
/* End PBXFrameworksBuildPhase section */

/* Begin PBXGroup section */
		6A9373D21F312E5D00EF3446 = {
			isa = PBXGroup;
			children = (
				6A9373DD1F312E5D00EF3446 /* Autolayout-Storyboard */,
				6A9373DC1F312E5D00EF3446 /* Products */,
			);
			sourceTree = "<group>";
		};
		6A9373DC1F312E5D00EF3446 /* Products */ = {
			isa = PBXGroup;
			children = (
				6A9373DB1F312E5D00EF3446 /* Autolayout-Storyboard.app */,
			);
			name = Products;
			sourceTree = "<group>";
		};
		6A9373DD1F312E5D00EF3446 /* Autolayout-Storyboard */ = {
			isa = PBXGroup;
			children = (
				6A9373E11F312E5D00EF3446 /* AppDelegate.h */,
				6A9373E21F312E5D00EF3446 /* AppDelegate.m */,
				6A9373E41F312E5D00EF3446 /* ViewController.h */,
				6A9373E51F312E5D00EF3446 /* ViewController.m */,
				6A9373E71F312E5D00EF3446 /* Main.storyboard */,
				6A9373EA1F312E5D00EF3446 /* Assets.xcassets */,
				6A9373EC1F312E5D00EF3446 /* LaunchScreen.storyboard */,
				6A9373EF1F312E5D00EF3446 /* Info.plist */,
				6A9373DE1F312E5D00EF3446 /* Supporting Files */,
			);
			path = "Autolayout-Storyboard";
			sourceTree = "<group>";
		};
		6A9373DE1F312E5D00EF3446 /* Supporting Files */ = {
			isa = PBXGroup;
			children = (
				6A9373DF1F312E5D00EF3446 /* main.m */,
			);
			name = "Supporting Files";
			sourceTree = "<group>";
		};
/* End PBXGroup section */

/* Begin PBXNativeTarget section */
		6A9373DA1F312E5D00EF3446 /* Autolayout-Storyboard */ = {
			isa = PBXNativeTarget;
			buildConfigurationList = 6A9373F21F312E5D00EF3446 /* Build configuration list for PBXNativeTarget "Autolayout-Storyboard" */;
			buildPhases = (
				6A9373D71F312E5D00EF3446 /* Sources */,
				6A9373D81F312E5D00EF3446 /* Frameworks */,
				6A9373D91F312E5D00EF3446 /* Resources */,
			);
			buildRules = (
			);
			dependencies = (
			);
			name = "Autolayout-Storyboard";
			productName = "Autolayout-Storyboard";
			productReference = 6A9373DB1F312E5D00EF3446 /* Autolayout-Storyboard.app */;
			productType = "com.apple.product-type.application";
		};
/* End PBXNativeTarget section */

/* Begin PBXProject section */
		6A9373D31F312E5D00EF3446 /* Project object */ = {
			isa = PBXProject;
			attributes = {
				LastUpgradeCheck = 0830;
				ORGANIZATIONNAME = "Elle Ti";
				TargetAttributes = {
					6A9373DA1F312E5D00EF3446 = {
						CreatedOnToolsVersion = 8.3.3;
						ProvisioningStyle = Automatic;
					};
				};
			};
			buildConfigurationList = 6A9373D61F312E5D00EF3446 /* Build configuration list for PBXProject "Autolayout-Storyboard" */;
			compatibilityVersion = "Xcode 3.2";
			developmentRegion = English;
			hasScannedForEncodings = 0;
			knownRegions = (
				en,
				Base,
			);
			mainGroup = 6A9373D21F312E5D00EF3446;
			productRefGroup = 6A9373DC1F312E5D00EF3446 /* Products */;
			projectDirPath = "";
			projectRoot = "";
			targets = (
				6A9373DA1F312E5D00EF3446 /* Autolayout-Storyboard */,
			);
		};
/* End PBXProject section */

/* Begin PBXResourcesBuildPhase section */
		6A9373D91F312E5D00EF3446 /* Resources */ = {
			isa = PBXResourcesBuildPhase;
			buildActionMask = 2147483647;
			files = (
				6A9373EE1F312E5D00EF3446 /* LaunchScreen.storyboard in Resources */,
				6A9373EB1F312E5D00EF3446 /* Assets.xcassets in Resources */,
				6A9373E91F312E5D00EF3446 /* Main.storyboard in Resources */,
			);
			runOnlyForDeploymentPostprocessing = 0;
		};
/* End PBXResourcesBuildPhase section */

/* Begin PBXSourcesBuildPhase section */
		6A9373D71F312E5D00EF3446 /* Sources */ = {
			isa = PBXSourcesBuildPhase;
			buildActionMask = 2147483647;
			files = (
				6A9373E61F312E5D00EF3446 /* ViewController.m in Sources */,
				6A9373E31F312E5D00EF3446 /* AppDelegate.m in Sources */,
				6A9373E01F312E5D00EF3446 /* main.m in Sources */,
			);
			runOnlyForDeploymentPostprocessing = 0;
		};
/* End PBXSourcesBuildPhase section */

/* Begin PBXVariantGroup section */
		6A9373E71F312E5D00EF3446 /* Main.storyboard */ = {
			isa = PBXVariantGroup;
			children = (
				6A9373E81F312E5D00EF3446 /* Base */,
			);
			name = Main.storyboard;
			sourceTree = "<group>";
		};
		6A9373EC1F312E5D00EF3446 /* LaunchScreen.storyboard */ = {
			isa = PBXVariantGroup;
			children = (
				6A9373ED1F312E5D00EF3446 /* Base */,
			);
			name = LaunchScreen.storyboard;
			sourceTree = "<group>";
		};
/* End PBXVariantGroup section */

/* Begin XCBuildConfiguration section */
		6A9373F01F312E5D00EF3446 /* Debug */ = {
			isa = XCBuildConfiguration;
			buildSettings = {
				ALWAYS_SEARCH_USER_PATHS = NO;
				CLANG_ANALYZER_NONNULL = YES;
				CLANG_ANALYZER_NUMBER_OBJECT_CONVERSION = YES_AGGRESSIVE;
				CLANG_CXX_LANGUAGE_STANDARD = "gnu++0x";
				CLANG_CXX_LIBRARY = "libc++";
				CLANG_ENABLE_MODULES = YES;
				CLANG_ENABLE_OBJC_ARC = YES;
				CLANG_WARN_BOOL_CONVERSION = YES;
				CLANG_WARN_CONSTANT_CONVERSION = YES;
				CLANG_WARN_DIRECT_OBJC_ISA_USAGE = YES_ERROR;
				CLANG_WARN_DOCUMENTATION_COMMENTS = YES;
				CLANG_WARN_EMPTY_BODY = YES;
				CLANG_WARN_ENUM_CONVERSION = YES;
				CLANG_WARN_INFINITE_RECURSION = YES;
				CLANG_WARN_INT_CONVERSION = YES;
				CLANG_WARN_OBJC_ROOT_CLASS = YES_ERROR;
				CLANG_WARN_SUSPICIOUS_MOVE = YES;
				CLANG_WARN_UNREACHABLE_CODE = YES;
				CLANG_WARN__DUPLICATE_METHOD_MATCH = YES;
				"CODE_SIGN_IDENTITY[sdk=iphoneos*]" = "iPhone Developer";
				COPY_PHASE_STRIP = NO;
				DEBUG_INFORMATION_FORMAT = dwarf;
				ENABLE_STRICT_OBJC_MSGSEND = YES;
				ENABLE_TESTABILITY = YES;
				GCC_C_LANGUAGE_STANDARD = gnu99;
				GCC_DYNAMIC_NO_PIC = NO;
				GCC_NO_COMMON_BLOCKS = YES;
				GCC_OPTIMIZATION_LEVEL = 0;
				GCC_PREPROCESSOR_DEFINITIONS = (
					"DEBUG=1",
					"$(inherited)",
				);
				GCC_WARN_64_TO_32_BIT_CONVERSION = YES;
				GCC_WARN_ABOUT_RETURN_TYPE = YES_ERROR;
				GCC_WARN_UNDECLARED_SELECTOR = YES;
				GCC_WARN_UNINITIALIZED_AUTOS = YES_AGGRESSIVE;
				GCC_WARN_UNUSED_FUNCTION = YES;
				GCC_WARN_UNUSED_VARIABLE = YES;
				IPHONEOS_DEPLOYMENT_TARGET = 10.3;
				MTL_ENABLE_DEBUG_INFO = YES;
				ONLY_ACTIVE_ARCH = YES;
				SDKROOT = iphoneos;
			};
			name = Debug;
		};
		6A9373F11F312E5D00EF3446 /* Release */ = {
			isa = XCBuildConfiguration;
			buildSettings = {
				ALWAYS_SEARCH_USER_PATHS = NO;
				CLANG_ANALYZER_NONNULL = YES;
				CLANG_ANALYZER_NUMBER_OBJECT_CONVERSION = YES_AGGRESSIVE;
				CLANG_CXX_LANGUAGE_STANDARD = "gnu++0x";
				CLANG_CXX_LIBRARY = "libc++";
				CLANG_ENABLE_MODULES = YES;
				CLANG_ENABLE_OBJC_ARC = YES;
				CLANG_WARN_BOOL_CONVERSION = YES;
				CLANG_WARN_CONSTANT_CONVERSION = YES;
				CLANG_WARN_DIRECT_OBJC_ISA_USAGE = YES_ERROR;
				CLANG_WARN_DOCUMENTATION_COMMENTS = YES;
				CLANG_WARN_EMPTY_BODY = YES;
				CLANG_WARN_ENUM_CONVERSION = YES;
				CLANG_WARN_INFINITE_RECURSION = YES;
				CLANG_WARN_INT_CONVERSION = YES;
				CLANG_WARN_OBJC_ROOT_CLASS = YES_ERROR;
				CLANG_WARN_SUSPICIOUS_MOVE = YES;
				CLANG_WARN_UNREACHABLE_CODE = YES;
				CLANG_WARN__DUPLICATE_METHOD_MATCH = YES;
				"CODE_SIGN_IDENTITY[sdk=iphoneos*]" = "iPhone Developer";
				COPY_PHASE_STRIP = NO;
				DEBUG_INFORMATION_FORMAT = "dwarf-with-dsym";
				ENABLE_NS_ASSERTIONS = NO;
				ENABLE_STRICT_OBJC_MSGSEND = YES;
				GCC_C_LANGUAGE_STANDARD = gnu99;
				GCC_NO_COMMON_BLOCKS = YES;
				GCC_WARN_64_TO_32_BIT_CONVERSION = YES;
				GCC_WARN_ABOUT_RETURN_TYPE = YES_ERROR;
				GCC_WARN_UNDECLARED_SELECTOR = YES;
				GCC_WARN_UNINITIALIZED_AUTOS = YES_AGGRESSIVE;
				GCC_WARN_UNUSED_FUNCTION = YES;
				GCC_WARN_UNUSED_VARIABLE = YES;
				IPHONEOS_DEPLOYMENT_TARGET = 10.3;
				MTL_ENABLE_DEBUG_INFO = NO;
				SDKROOT = iphoneos;
				VALIDATE_PRODUCT = YES;
			};
			name = Release;
		};
		6A9373F31F312E5D00EF3446 /* Debug */ = {
			isa = XCBuildConfiguration;
			buildSettings = {
				ASSETCATALOG_COMPILER_APPICON_NAME = AppIcon;
				INFOPLIST_FILE = "Autolayout-Storyboard/Info.plist";
				LD_RUNPATH_SEARCH_PATHS = "$(inherited) @executable_path/Frameworks";
				PRODUCT_BUNDLE_IDENTIFIER = "frostnova.org.Autolayout-Storyboard";
				PRODUCT_NAME = "$(TARGET_NAME)";
			};
			name = Debug;
		};
		6A9373F41F312E5D00EF3446 /* Release */ = {
			isa = XCBuildConfiguration;
			buildSettings = {
				ASSETCATALOG_COMPILER_APPICON_NAME = AppIcon;
				INFOPLIST_FILE = "Autolayout-Storyboard/Info.plist";
				LD_RUNPATH_SEARCH_PATHS = "$(inherited) @executable_path/Frameworks";
				PRODUCT_BUNDLE_IDENTIFIER = "frostnova.org.Autolayout-Storyboard";
				PRODUCT_NAME = "$(TARGET_NAME)";
			};
			name = Release;
		};
/* End XCBuildConfiguration section */

/* Begin XCConfigurationList section */
		6A9373D61F312E5D00EF3446 /* Build configuration list for PBXProject "Autolayout-Storyboard" */ = {
			isa = XCConfigurationList;
			buildConfigurations = (
				6A9373F01F312E5D00EF3446 /* Debug */,
				6A9373F11F312E5D00EF3446 /* Release */,
			);
			defaultConfigurationIsVisible = 0;
			defaultConfigurationName = Release;
		};
		6A9373F21F312E5D00EF3446 /* Build configuration list for PBXNativeTarget "Autolayout-Storyboard" */ = {
			isa = XCConfigurationList;
			buildConfigurations = (
				6A9373F31F312E5D00EF3446 /* Debug */,
				6A9373F41F312E5D00EF3446 /* Release */,
			);
			defaultConfigurationIsVisible = 0;
		};
/* End XCConfigurationList section */
	};
	rootObject = 6A9373D31F312E5D00EF3446 /* Project object */;
}
